<?xml version="1.0" encoding="utf-8"?>
<Project ToolsVersion="4.0" xmlns="http://schemas.microsoft.com/developer/msbuild/2003">
  <ItemGroup>
    <ClCompile Include="source\pch.cpp">
      <Filter>PCH</Filter>
    </ClCompile>
    <ClCompile Include="MAIN.cpp">
      <Filter>MAIN_FILES</Filter>
    </ClCompile>
    <ClCompile Include="GAME.cpp">
      <Filter>MAIN_FILES</Filter>
    </ClCompile>
  </ItemGroup>
  <ItemGroup>
    <ClInclude Include="source\pch.h">
      <Filter>PCH</Filter>
    </ClInclude>
    <ClInclude Include="GAME.h">
      <Filter>MAIN_FILES</Filter>
    </ClInclude>
  </ItemGroup>
  <ItemGroup>
    <Filter Include="MAP">
      <UniqueIdentifier>{a43e14b4-7472-4ae1-8531-16090d65a7d1}</UniqueIdentifier>
    </Filter>
    <Filter Include="CHARACTERS">
      <UniqueIdentifier>{728bd736-b6bf-410b-9a0d-234afdcd9cdc}</UniqueIdentifier>
    </Filter>
    <Filter Include="MAIN_FILES">
      <UniqueIdentifier>{78288465-a8bf-4f50-832e-261297eb9565}</UniqueIdentifier>
    </Filter>
    <Filter Include="MATH_STUF">
      <UniqueIdentifier>{c5b67bcd-22e6-4781-9fc5-aa559360356e}</UniqueIdentifier>
    </Filter>
    <Filter Include="OTHERS">
      <UniqueIdentifier>{1635860b-907c-4d5a-87ae-446648889b99}</UniqueIdentifier>
    </Filter>
    <Filter Include="ITEM">
      <UniqueIdentifier>{9220caec-d3f9-4efd-ac11-6d3e984c4513}</UniqueIdentifier>
    </Filter>
    <Filter Include="PCH">
      <UniqueIdentifier>{1c5bf213-5cf0-4098-8f64-3fa4f070ed82}</UniqueIdentifier>
    </Filter>
    <Filter Include="INTERFACE">
      <UniqueIdentifier>{baca4f7d-ed6e-4164-9b79-7f3ad07a14b5}</UniqueIdentifier>
    </Filter>
  </ItemGroup>
</Project>